
Microsoft Visual Studio Solution File, Format Version 12.00
# Visual Studio Version 17
VisualStudioVersion = 17.2.32630.192
MinimumVisualStudioVersion = 10.0.40219.1
Project("{FAE04EC0-301F-11D3-BF4B-00C04F79EFBC}") = "SelectionSort", "SelectionSort\SelectionSort.csproj", "{B552F8C8-B817-47E0-9FB0-323A4F8FF24F}"
EndProject
Global
	GlobalSection(SolutionConfigurationPlatforms) = preSolution
		Debug|Any CPU = Debug|Any CPU
		Release|Any CPU = Release|Any CPU
	EndGlobalSection
	GlobalSection(ProjectConfigurationPlatforms) = postSolution
		{B552F8C8-B817-47E0-9FB0-323A4F8FF24F}.Debug|Any CPU.ActiveCfg = Debug|Any CPU
		{B552F8C8-B817-47E0-9FB0-323A4F8FF24F}.Debug|Any CPU.Build.0 = Debug|Any CPU
		{B552F8C8-B817-47E0-9FB0-323A4F8FF24F}.Release|Any CPU.ActiveCfg = Release|Any CPU
		{B552F8C8-B817-47E0-9FB0-323A4F8FF24F}.Release|Any CPU.Build.0 = Release|Any CPU
	EndGlobalSection
	GlobalSection(SolutionProperties) = preSolution
		HideSolutionNode = FALSE
	EndGlobalSection
	GlobalSection(ExtensibilityGlobals) = postSolution
		SolutionGuid = {F3EEEC94-694A-44EB-87CC-BC33349A1A3E}
	EndGlobalSection
EndGlobal
